
Microsoft Visual Studio Solution File, Format Version 12.00
# Visual Studio 15
VisualStudioVersion = 15.0.28307.168
MinimumVisualStudioVersion = 10.0.40219.1
Project("{FAE04EC0-301F-11D3-BF4B-00C04F79EFBC}") = "TwitterLikeMVC", "TwitterLikeMVC\TwitterLikeMVC.csproj", "{7425298D-425E-4179-80A7-CC5AFED3BC14}"
EndProject
Global
	GlobalSection(SolutionConfigurationPlatforms) = preSolution
		Debug|Any CPU = Debug|Any CPU
		Release|Any CPU = Release|Any CPU
	EndGlobalSection
	GlobalSection(ProjectConfigurationPlatforms) = postSolution
		{7425298D-425E-4179-80A7-CC5AFED3BC14}.Debug|Any CPU.ActiveCfg = Debug|Any CPU
		{7425298D-425E-4179-80A7-CC5AFED3BC14}.Debug|Any CPU.Build.0 = Debug|Any CPU
		{7425298D-425E-4179-80A7-CC5AFED3BC14}.Release|Any CPU.ActiveCfg = Release|Any CPU
		{7425298D-425E-4179-80A7-CC5AFED3BC14}.Release|Any CPU.Build.0 = Release|Any CPU
	EndGlobalSection
	GlobalSection(SolutionProperties) = preSolution
		HideSolutionNode = FALSE
	EndGlobalSection
	GlobalSection(ExtensibilityGlobals) = postSolution
		SolutionGuid = {B02D867A-E4D2-42F8-98C2-B3A8AC3AFC1F}
	EndGlobalSection
EndGlobal
